
Microsoft Visual Studio Solution File, Format Version 12.00
Project("{FAE04EC0-301F-11D3-BF4B-00C04F79EFBC}") = "PiDriverDaemon", "PiDriverDaemon\PiDriverDaemon.csproj", "{0E5014C8-CB53-45A7-A741-245B51D13E82}"
EndProject
Global
	GlobalSection(SolutionConfigurationPlatforms) = preSolution
		Debug|Any CPU = Debug|Any CPU
		Release|Any CPU = Release|Any CPU
	EndGlobalSection
	GlobalSection(ProjectConfigurationPlatforms) = postSolution
		{0E5014C8-CB53-45A7-A741-245B51D13E82}.Debug|Any CPU.ActiveCfg = Debug|Any CPU
		{0E5014C8-CB53-45A7-A741-245B51D13E82}.Debug|Any CPU.Build.0 = Debug|Any CPU
		{0E5014C8-CB53-45A7-A741-245B51D13E82}.Release|Any CPU.ActiveCfg = Release|Any CPU
		{0E5014C8-CB53-45A7-A741-245B51D13E82}.Release|Any CPU.Build.0 = Release|Any CPU
	EndGlobalSection
EndGlobal
